{
  "name": "ovh-catalog-archive",
  "lockfileVersion": 3,
  "requires": true,
  "packages": {
    "": {
      "dependencies": {
        "fracturedjsonjs": "^4.0.2"
      }
    },
    "node_modules/fracturedjsonjs": {
      "version": "4.0.2",
      "resolved": "https://registry.npmjs.org/fracturedjsonjs/-/fracturedjsonjs-4.0.2.tgz",
      "integrity": "sha512-+vGJH9wK0EEhbbn50V2sOebLRaar1VL3EXr02kxchIwpkhQk0ItrPjIOtYPYuU9hNFpVzxjrPgzjtMJih+ae4A==",
      "license": "MIT"
    }
  }
}
